
Microsoft Visual Studio Solution File, Format Version 12.00
# Visual Studio Version 16
VisualStudioVersion = 16.0.31112.23
MinimumVisualStudioVersion = 10.0.40219.1
Project("{FAE04EC0-301F-11D3-BF4B-00C04F79EFBC}") = "AzureFunctions", "AzureFunctions\AzureFunctions.csproj", "{2007063B-02EF-4F85-9C81-255E682479F9}"
EndProject
Global
	GlobalSection(SolutionConfigurationPlatforms) = preSolution
		Debug|Any CPU = Debug|Any CPU
		Release|Any CPU = Release|Any CPU
	EndGlobalSection
	GlobalSection(ProjectConfigurationPlatforms) = postSolution
		{2007063B-02EF-4F85-9C81-255E682479F9}.Debug|Any CPU.ActiveCfg = Debug|Any CPU
		{2007063B-02EF-4F85-9C81-255E682479F9}.Debug|Any CPU.Build.0 = Debug|Any CPU
		{2007063B-02EF-4F85-9C81-255E682479F9}.Release|Any CPU.ActiveCfg = Release|Any CPU
		{2007063B-02EF-4F85-9C81-255E682479F9}.Release|Any CPU.Build.0 = Release|Any CPU
	EndGlobalSection
	GlobalSection(SolutionProperties) = preSolution
		HideSolutionNode = FALSE
	EndGlobalSection
	GlobalSection(ExtensibilityGlobals) = postSolution
		SolutionGuid = {9EEA157B-E06A-4844-9690-95CEA1388C4E}
	EndGlobalSection
EndGlobal
